sdks:
  dart: ">=3.0.0 <4.0.0"
  flutter: ">=3.13.0"

packages:
  flutter:
    dependency: "direct main"
    description: flutter
    source: sdk
    version: "0.0.0"
  path_provider:
    dependency: "direct main"
    description:
      name: "path_provider"
      url: "https://pub.dev"
    source: hosted
    version: "2.0.15"
  permission_handler:
    dependency: "direct main"
    description:
      name: "permission_handler"
      url: "https://pub.dev"
    source: hosted
    version: "11.2.0"
  provider:
    dependency: "direct main"
    description:
      name: "provider"
      url: "https://pub.dev"
    source: hosted
    version: "6.1.5"
  http:
    dependency: "direct main"
    description:
      name: "http"
      url: "https://pub.dev"
    source: hosted
    version: "1.1.0"
  flutter_test:
    dependency: "direct dev"
    description: flutter_test
    source: sdk
    version: "0.0.0"
  flutter_launcher_icons:
    dependency: "direct dev"
    description:
      name: "flutter_launcher_icons"
      url: "https://pub.dev"
    source: hosted
    version: "0.14.0"
  flutter_native_splash:
    dependency: "direct dev"
    description:
      name: "flutter_native_splash"
      url: "https://pub.dev"
    source: hosted
    version: "2.3.0"
